
Microsoft Visual Studio Solution File, Format Version 12.00
# Visual Studio 15
VisualStudioVersion = 15.0.27130.0
MinimumVisualStudioVersion = 10.0.40219.1
Project("{FAE04EC0-301F-11D3-BF4B-00C04F79EFBC}") = "loginMethod", "loginMethod\loginMethod.csproj", "{29D7F1A7-D532-4EBB-96D7-88A77829AA82}"
EndProject
Project("{FAE04EC0-301F-11D3-BF4B-00C04F79EFBC}") = "DLayer", "DAL\DLayer.csproj", "{AA2E8C89-89A4-4151-B0AB-015D93F50513}"
EndProject
Project("{FAE04EC0-301F-11D3-BF4B-00C04F79EFBC}") = "BLayer", "BLL\BLayer.csproj", "{DD25559B-B62A-4341-899E-4FDA9741BEB7}"
EndProject
Global
	GlobalSection(SolutionConfigurationPlatforms) = preSolution
		Debug|Any CPU = Debug|Any CPU
		Release|Any CPU = Release|Any CPU
	EndGlobalSection
	GlobalSection(ProjectConfigurationPlatforms) = postSolution
		{29D7F1A7-D532-4EBB-96D7-88A77829AA82}.Debug|Any CPU.ActiveCfg = Debug|Any CPU
		{29D7F1A7-D532-4EBB-96D7-88A77829AA82}.Debug|Any CPU.Build.0 = Debug|Any CPU
		{29D7F1A7-D532-4EBB-96D7-88A77829AA82}.Release|Any CPU.ActiveCfg = Release|Any CPU
		{29D7F1A7-D532-4EBB-96D7-88A77829AA82}.Release|Any CPU.Build.0 = Release|Any CPU
		{AA2E8C89-89A4-4151-B0AB-015D93F50513}.Debug|Any CPU.ActiveCfg = Debug|Any CPU
		{AA2E8C89-89A4-4151-B0AB-015D93F50513}.Debug|Any CPU.Build.0 = Debug|Any CPU
		{AA2E8C89-89A4-4151-B0AB-015D93F50513}.Release|Any CPU.ActiveCfg = Release|Any CPU
		{AA2E8C89-89A4-4151-B0AB-015D93F50513}.Release|Any CPU.Build.0 = Release|Any CPU
		{DD25559B-B62A-4341-899E-4FDA9741BEB7}.Debug|Any CPU.ActiveCfg = Debug|Any CPU
		{DD25559B-B62A-4341-899E-4FDA9741BEB7}.Debug|Any CPU.Build.0 = Debug|Any CPU
		{DD25559B-B62A-4341-899E-4FDA9741BEB7}.Release|Any CPU.ActiveCfg = Release|Any CPU
		{DD25559B-B62A-4341-899E-4FDA9741BEB7}.Release|Any CPU.Build.0 = Release|Any CPU
	EndGlobalSection
	GlobalSection(SolutionProperties) = preSolution
		HideSolutionNode = FALSE
	EndGlobalSection
	GlobalSection(ExtensibilityGlobals) = postSolution
		SolutionGuid = {3CCF2FC2-824F-4A58-926F-5D48F4EA0321}
	EndGlobalSection
EndGlobal
